
Microsoft Visual Studio Solution File, Format Version 12.00
# Visual Studio Version 17
VisualStudioVersion = 17.14.37111.16 d17.14
MinimumVisualStudioVersion = 10.0.40219.1
Project("{FAE04EC0-301F-11D3-BF4B-00C04F79EFBC}") = "NowYouSleep", "NowYouSleep.csproj", "{406B012C-B787-44EB-AFA1-2E527BDE40AA}"
EndProject
Global
	GlobalSection(SolutionConfigurationPlatforms) = preSolution
		Debug|Any CPU = Debug|Any CPU
		Release|Any CPU = Release|Any CPU
	EndGlobalSection
	GlobalSection(ProjectConfigurationPlatforms) = postSolution
		{406B012C-B787-44EB-AFA1-2E527BDE40AA}.Debug|Any CPU.ActiveCfg = Debug|Any CPU
		{406B012C-B787-44EB-AFA1-2E527BDE40AA}.Debug|Any CPU.Build.0 = Debug|Any CPU
		{406B012C-B787-44EB-AFA1-2E527BDE40AA}.Release|Any CPU.ActiveCfg = Release|Any CPU
		{406B012C-B787-44EB-AFA1-2E527BDE40AA}.Release|Any CPU.Build.0 = Release|Any CPU
	EndGlobalSection
	GlobalSection(SolutionProperties) = preSolution
		HideSolutionNode = FALSE
	EndGlobalSection
	GlobalSection(ExtensibilityGlobals) = postSolution
		SolutionGuid = {2872D494-C3CD-4956-B3EA-756CF9FD09D7}
	EndGlobalSection
EndGlobal
